// !$*UTF8*$!
{
	archiveVersion = 1;
	classes = {
	};
	objectVersion = 46;
	objects = {

/* Begin PBXBuildFile section */
		18D2FC681C1BC773006123E1 /* AppDelegate.swift in Sources */ = {isa = PBXBuildFile; fileRef = 18D2FC671C1BC773006123E1 /* AppDelegate.swift */; };
		18D2FC6F1C1BC773006123E1 /* Assets.xcassets in Resources */ = {isa = PBXBuildFile; fileRef = 18D2FC6E1C1BC773006123E1 /* Assets.xcassets */; };
		18D2FC841C1BCFD0006123E1 /* MainViewController.swift in Sources */ = {isa = PBXBuildFile; fileRef = 18D2FC831C1BCFD0006123E1 /* MainViewController.swift */; };
		18D2FC861C1BCFE1006123E1 /* HomeTableViewController.swift in Sources */ = {isa = PBXBuildFile; fileRef = 18D2FC851C1BCFE1006123E1 /* HomeTableViewController.swift */; };
		18D2FC881C1BCFE9006123E1 /* MessageTableViewController.swift in Sources */ = {isa = PBXBuildFile; fileRef = 18D2FC871C1BCFE9006123E1 /* MessageTableViewController.swift */; };
		18D2FC8A1C1BCFF1006123E1 /* DiscoverTableViewController.swift in Sources */ = {isa = PBXBuildFile; fileRef = 18D2FC891C1BCFF1006123E1 /* DiscoverTableViewController.swift */; };
		18D2FC8C1C1BCFFA006123E1 /* ProfileTableViewController.swift in Sources */ = {isa = PBXBuildFile; fileRef = 18D2FC8B1C1BCFFA006123E1 /* ProfileTableViewController.swift */; };
/* End PBXBuildFile section */

/* Begin PBXFileReference section */
		18D2FC641C1BC773006123E1 /* Weibo.app */ = {isa = PBXFileReference; explicitFileType = wrapper.application; includeInIndex = 0; path = Weibo.app; sourceTree = BUILT_PRODUCTS_DIR; };
		18D2FC671C1BC773006123E1 /* AppDelegate.swift */ = {isa = PBXFileReference; lastKnownFileType = sourcecode.swift; path = AppDelegate.swift; sourceTree = "<group>"; };
		18D2FC6E1C1BC773006123E1 /* Assets.xcassets */ = {isa = PBXFileReference; lastKnownFileType = folder.assetcatalog; path = Assets.xcassets; sourceTree = "<group>"; };
		18D2FC731C1BC773006123E1 /* Info.plist */ = {isa = PBXFileReference; lastKnownFileType = text.plist.xml; path = Info.plist; sourceTree = "<group>"; };
		18D2FC831C1BCFD0006123E1 /* MainViewController.swift */ = {isa = PBXFileReference; fileEncoding = 4; lastKnownFileType = sourcecode.swift; path = MainViewController.swift; sourceTree = "<group>"; };
		18D2FC851C1BCFE1006123E1 /* HomeTableViewController.swift */ = {isa = PBXFileReference; fileEncoding = 4; lastKnownFileType = sourcecode.swift; path = HomeTableViewController.swift; sourceTree = "<group>"; };
		18D2FC871C1BCFE9006123E1 /* MessageTableViewController.swift */ = {isa = PBXFileReference; fileEncoding = 4; lastKnownFileType = sourcecode.swift; path = MessageTableViewController.swift; sourceTree = "<group>"; };
		18D2FC891C1BCFF1006123E1 /* DiscoverTableViewController.swift */ = {isa = PBXFileReference; fileEncoding = 4; lastKnownFileType = sourcecode.swift; path = DiscoverTableViewController.swift; sourceTree = "<group>"; };
		18D2FC8B1C1BCFFA006123E1 /* ProfileTableViewController.swift */ = {isa = PBXFileReference; fileEncoding = 4; lastKnownFileType = sourcecode.swift; path = ProfileTableViewController.swift; sourceTree = "<group>"; };
/* End PBXFileReference section */

/* Begin PBXFrameworksBuildPhase section */
		18D2FC611C1BC773006123E1 /* Frameworks */ = {
			isa = PBXFrameworksBuildPhase;
			buildActionMask = 2147483647;
			files = (
			);
			runOnlyForDeploymentPostprocessing = 0;
		};
/* End PBXFrameworksBuildPhase section */

/* Begin PBXGroup section */
		18D2FC5B1C1BC773006123E1 = {
			isa = PBXGroup;
			children = (
				18D2FC661C1BC773006123E1 /* Weibo */,
				18D2FC651C1BC773006123E1 /* Products */,
			);
			sourceTree = "<group>";
		};
		18D2FC651C1BC773006123E1 /* Products */ = {
			isa = PBXGroup;
			children = (
				18D2FC641C1BC773006123E1 /* Weibo.app */,
			);
			name = Products;
			sourceTree = "<group>";
		};
		18D2FC661C1BC773006123E1 /* Weibo */ = {
			isa = PBXGroup;
			children = (
				18D2FC791C1BCF82006123E1 /* Classes */,
				18D2FC671C1BC773006123E1 /* AppDelegate.swift */,
				18D2FC6E1C1BC773006123E1 /* Assets.xcassets */,
				18D2FC731C1BC773006123E1 /* Info.plist */,
			);
			path = Weibo;
			sourceTree = "<group>";
		};
		18D2FC791C1BCF82006123E1 /* Classes */ = {
			isa = PBXGroup;
			children = (
				18D2FC7A1C1BCF82006123E1 /* Model */,
				18D2FC7B1C1BCF82006123E1 /* Module */,
				18D2FC811C1BCF82006123E1 /* Tools */,
				18D2FC821C1BCF82006123E1 /* ViewModle */,
			);
			path = Classes;
			sourceTree = "<group>";
		};
		18D2FC7A1C1BCF82006123E1 /* Model */ = {
			isa = PBXGroup;
			children = (
			);
			path = Model;
			sourceTree = "<group>";
		};
		18D2FC7B1C1BCF82006123E1 /* Module */ = {
			isa = PBXGroup;
			children = (
				18D2FC7E1C1BCF82006123E1 /* Main */,
				18D2FC7D1C1BCF82006123E1 /* Home */,
				18D2FC7F1C1BCF82006123E1 /* Message */,
				18D2FC7C1C1BCF82006123E1 /* Discover */,
				18D2FC801C1BCF82006123E1 /* Profile */,
			);
			path = Module;
			sourceTree = "<group>";
		};
		18D2FC7C1C1BCF82006123E1 /* Discover */ = {
			isa = PBXGroup;
			children = (
				18D2FC891C1BCFF1006123E1 /* DiscoverTableViewController.swift */,
			);
			path = Discover;
			sourceTree = "<group>";
		};
		18D2FC7D1C1BCF82006123E1 /* Home */ = {
			isa = PBXGroup;
			children = (
				18D2FC851C1BCFE1006123E1 /* HomeTableViewController.swift */,
			);
			path = Home;
			sourceTree = "<group>";
		};
		18D2FC7E1C1BCF82006123E1 /* Main */ = {
			isa = PBXGroup;
			children = (
				18D2FC831C1BCFD0006123E1 /* MainViewController.swift */,
			);
			path = Main;
			sourceTree = "<group>";
		};
		18D2FC7F1C1BCF82006123E1 /* Message */ = {
			isa = PBXGroup;
			children = (
				18D2FC871C1BCFE9006123E1 /* MessageTableViewController.swift */,
			);
			path = Message;
			sourceTree = "<group>";
		};
		18D2FC801C1BCF82006123E1 /* Profile */ = {
			isa = PBXGroup;
			children = (
				18D2FC8B1C1BCFFA006123E1 /* ProfileTableViewController.swift */,
			);
			path = Profile;
			sourceTree = "<group>";
		};
		18D2FC811C1BCF82006123E1 /* Tools */ = {
			isa = PBXGroup;
			children = (
			);
			path = Tools;
			sourceTree = "<group>";
		};
		18D2FC821C1BCF82006123E1 /* ViewModle */ = {
			isa = PBXGroup;
			children = (
			);
			path = ViewModle;
			sourceTree = "<group>";
		};
/* End PBXGroup section */

/* Begin PBXNativeTarget section */
		18D2FC631C1BC773006123E1 /* Weibo */ = {
			isa = PBXNativeTarget;
			buildConfigurationList = 18D2FC761C1BC773006123E1 /* Build configuration list for PBXNativeTarget "Weibo" */;
			buildPhases = (
				18D2FC601C1BC773006123E1 /* Sources */,
				18D2FC611C1BC773006123E1 /* Frameworks */,
				18D2FC621C1BC773006123E1 /* Resources */,
			);
			buildRules = (
			);
			dependencies = (
			);
			name = Weibo;
			productName = Weibo;
			productReference = 18D2FC641C1BC773006123E1 /* Weibo.app */;
			productType = "com.apple.product-type.application";
		};
/* End PBXNativeTarget section */

/* Begin PBXProject section */
		18D2FC5C1C1BC773006123E1 /* Project object */ = {
			isa = PBXProject;
			attributes = {
				LastSwiftUpdateCheck = 0710;
				LastUpgradeCheck = 0710;
				ORGANIZATIONNAME = itcast;
				TargetAttributes = {
					18D2FC631C1BC773006123E1 = {
						CreatedOnToolsVersion = 7.1;
					};
				};
			};
			buildConfigurationList = 18D2FC5F1C1BC773006123E1 /* Build configuration list for PBXProject "Weibo" */;
			compatibilityVersion = "Xcode 3.2";
			developmentRegion = English;
			hasScannedForEncodings = 0;
			knownRegions = (
				en,
				Base,
			);
			mainGroup = 18D2FC5B1C1BC773006123E1;
			productRefGroup = 18D2FC651C1BC773006123E1 /* Products */;
			projectDirPath = "";
			projectRoot = "";
			targets = (
				18D2FC631C1BC773006123E1 /* Weibo */,
			);
		};
/* End PBXProject section */

/* Begin PBXResourcesBuildPhase section */
		18D2FC621C1BC773006123E1 /* Resources */ = {
			isa = PBXResourcesBuildPhase;
			buildActionMask = 2147483647;
			files = (
				18D2FC6F1C1BC773006123E1 /* Assets.xcassets in Resources */,
			);
			runOnlyForDeploymentPostprocessing = 0;
		};
/* End PBXResourcesBuildPhase section */

/* Begin PBXSourcesBuildPhase section */
		18D2FC601C1BC773006123E1 /* Sources */ = {
			isa = PBXSourcesBuildPhase;
			buildActionMask = 2147483647;
			files = (
				18D2FC8C1C1BCFFA006123E1 /* ProfileTableViewController.swift in Sources */,
				18D2FC861C1BCFE1006123E1 /* HomeTableViewController.swift in Sources */,
				18D2FC681C1BC773006123E1 /* AppDelegate.swift in Sources */,
				18D2FC881C1BCFE9006123E1 /* MessageTableViewController.swift in Sources */,
				18D2FC8A1C1BCFF1006123E1 /* DiscoverTableViewController.swift in Sources */,
				18D2FC841C1BCFD0006123E1 /* MainViewController.swift in Sources */,
			);
			runOnlyForDeploymentPostprocessing = 0;
		};
/* End PBXSourcesBuildPhase section */

/* Begin XCBuildConfiguration section */
		18D2FC741C1BC773006123E1 /* Debug */ = {
			isa = XCBuildConfiguration;
			buildSettings = {
				ALWAYS_SEARCH_USER_PATHS = NO;
				CLANG_CXX_LANGUAGE_STANDARD = "gnu++0x";
				CLANG_CXX_LIBRARY = "libc++";
				CLANG_ENABLE_MODULES = YES;
				CLANG_ENABLE_OBJC_ARC = YES;
				CLANG_WARN_BOOL_CONVERSION = YES;
				CLANG_WARN_CONSTANT_CONVERSION = YES;
				CLANG_WARN_DIRECT_OBJC_ISA_USAGE = YES_ERROR;
				CLANG_WARN_EMPTY_BODY = YES;
				CLANG_WARN_ENUM_CONVERSION = YES;
				CLANG_WARN_INT_CONVERSION = YES;
				CLANG_WARN_OBJC_ROOT_CLASS = YES_ERROR;
				CLANG_WARN_UNREACHABLE_CODE = YES;
				CLANG_WARN__DUPLICATE_METHOD_MATCH = YES;
				"CODE_SIGN_IDENTITY[sdk=iphoneos*]" = "iPhone Developer";
				COPY_PHASE_STRIP = NO;
				DEBUG_INFORMATION_FORMAT = dwarf;
				ENABLE_STRICT_OBJC_MSGSEND = YES;
				ENABLE_TESTABILITY = YES;
				GCC_C_LANGUAGE_STANDARD = gnu99;
				GCC_DYNAMIC_NO_PIC = NO;
				GCC_NO_COMMON_BLOCKS = YES;
				GCC_OPTIMIZATION_LEVEL = 0;
				GCC_PREPROCESSOR_DEFINITIONS = (
					"DEBUG=1",
					"$(inherited)",
				);
				GCC_WARN_64_TO_32_BIT_CONVERSION = YES;
				GCC_WARN_ABOUT_RETURN_TYPE = YES_ERROR;
				GCC_WARN_UNDECLARED_SELECTOR = YES;
				GCC_WARN_UNINITIALIZED_AUTOS = YES_AGGRESSIVE;
				GCC_WARN_UNUSED_FUNCTION = YES;
				GCC_WARN_UNUSED_VARIABLE = YES;
				IPHONEOS_DEPLOYMENT_TARGET = 8.0;
				MTL_ENABLE_DEBUG_INFO = YES;
				ONLY_ACTIVE_ARCH = YES;
				SDKROOT = iphoneos;
				SWIFT_OPTIMIZATION_LEVEL = "-Onone";
			};
			name = Debug;
		};
		18D2FC751C1BC773006123E1 /* Release */ = {
			isa = XCBuildConfiguration;
			buildSettings = {
				ALWAYS_SEARCH_USER_PATHS = NO;
				CLANG_CXX_LANGUAGE_STANDARD = "gnu++0x";
				CLANG_CXX_LIBRARY = "libc++";
				CLANG_ENABLE_MODULES = YES;
				CLANG_ENABLE_OBJC_ARC = YES;
				CLANG_WARN_BOOL_CONVERSION = YES;
				CLANG_WARN_CONSTANT_CONVERSION = YES;
				CLANG_WARN_DIRECT_OBJC_ISA_USAGE = YES_ERROR;
				CLANG_WARN_EMPTY_BODY = YES;
				CLANG_WARN_ENUM_CONVERSION = YES;
				CLANG_WARN_INT_CONVERSION = YES;
				CLANG_WARN_OBJC_ROOT_CLASS = YES_ERROR;
				CLANG_WARN_UNREACHABLE_CODE = YES;
				CLANG_WARN__DUPLICATE_METHOD_MATCH = YES;
				"CODE_SIGN_IDENTITY[sdk=iphoneos*]" = "iPhone Developer";
				COPY_PHASE_STRIP = NO;
				DEBUG_INFORMATION_FORMAT = "dwarf-with-dsym";
				ENABLE_NS_ASSERTIONS = NO;
				ENABLE_STRICT_OBJC_MSGSEND = YES;
				GCC_C_LANGUAGE_STANDARD = gnu99;
				GCC_NO_COMMON_BLOCKS = YES;
				GCC_WARN_64_TO_32_BIT_CONVERSION = YES;
				GCC_WARN_ABOUT_RETURN_TYPE = YES_ERROR;
				GCC_WARN_UNDECLARED_SELECTOR = YES;
				GCC_WARN_UNINITIALIZED_AUTOS = YES_AGGRESSIVE;
				GCC_WARN_UNUSED_FUNCTION = YES;
				GCC_WARN_UNUSED_VARIABLE = YES;
				IPHONEOS_DEPLOYMENT_TARGET = 8.0;
				MTL_ENABLE_DEBUG_INFO = NO;
				SDKROOT = iphoneos;
				VALIDATE_PRODUCT = YES;
			};
			name = Release;
		};
		18D2FC771C1BC773006123E1 /* Debug */ = {
			isa = XCBuildConfiguration;
			buildSettings = {
				ASSETCATALOG_COMPILER_APPICON_NAME = AppIcon;
				ASSETCATALOG_COMPILER_LAUNCHIMAGE_NAME = "Brand Assets";
				INFOPLIST_FILE = Weibo/Info.plist;
				LD_RUNPATH_SEARCH_PATHS = "$(inherited) @executable_path/Frameworks";
				PRODUCT_BUNDLE_IDENTIFIER = cn.itcast.Weibo;
				PRODUCT_NAME = "$(TARGET_NAME)";
			};
			name = Debug;
		};
		18D2FC781C1BC773006123E1 /* Release */ = {
			isa = XCBuildConfiguration;
			buildSettings = {
				ASSETCATALOG_COMPILER_APPICON_NAME = AppIcon;
				ASSETCATALOG_COMPILER_LAUNCHIMAGE_NAME = "Brand Assets";
				INFOPLIST_FILE = Weibo/Info.plist;
				LD_RUNPATH_SEARCH_PATHS = "$(inherited) @executable_path/Frameworks";
				PRODUCT_BUNDLE_IDENTIFIER = cn.itcast.Weibo;
				PRODUCT_NAME = "$(TARGET_NAME)";
			};
			name = Release;
		};
/* End XCBuildConfiguration section */

/* Begin XCConfigurationList section */
		18D2FC5F1C1BC773006123E1 /* Build configuration list for PBXProject "Weibo" */ = {
			isa = XCConfigurationList;
			buildConfigurations = (
				18D2FC741C1BC773006123E1 /* Debug */,
				18D2FC751C1BC773006123E1 /* Release */,
			);
			defaultConfigurationIsVisible = 0;
			defaultConfigurationName = Release;
		};
		18D2FC761C1BC773006123E1 /* Build configuration list for PBXNativeTarget "Weibo" */ = {
			isa = XCConfigurationList;
			buildConfigurations = (
				18D2FC771C1BC773006123E1 /* Debug */,
				18D2FC781C1BC773006123E1 /* Release */,
			);
			defaultConfigurationIsVisible = 0;
		};
/* End XCConfigurationList section */
	};
	rootObject = 18D2FC5C1C1BC773006123E1 /* Project object */;
}
